{
  "nodes": {
    "flakeNimbleLib": {
      "inputs": {
        "nixpkgs": [
          "nixpkgs"
        ]
      },
      "locked": {
        "lastModified": 1662018438,
        "narHash": "sha256-QtNtU6+LX3Wokxf0zlFwKTFOcn6TeDjKQZ+DA9OYtvM=",
        "owner": "riinr",
        "repo": "nim-flakes-lib",
        "rev": "b1fe8340736e3a85d25c709ac3dfd82a55c03cbf",
        "type": "github"
      },
      "original": {
        "owner": "riinr",
        "ref": "master",
        "repo": "nim-flakes-lib",
        "type": "github"
      }
    },
    "nixpkgs": {
      "locked": {
        "lastModified": 1667199707,
        "narHash": "sha256-I2Js3Y7gUyVSEXPULHlBoRek4Lh85vnevdS6mdvDNLI=",
        "owner": "NixOS",
        "repo": "nixpkgs",
        "rev": "ced197be72099edcfa68ebed8b87af7b04851f45",
        "type": "github"
      },
      "original": {
        "id": "nixpkgs",
        "type": "indirect"
      }
    },
    "polybool-master": {
      "inputs": {
        "flakeNimbleLib": [
          "flakeNimbleLib"
        ],
        "nixpkgs": [
          "nixpkgs"
        ],
        "src-polyBool-master": "src-polyBool-master"
      },
      "locked": {
        "dir": "master",
        "lastModified": 1667322589,
        "narHash": "sha256-Qt8+Ps0HSln9QvzVvBbhQQhsS/8XTzpMPnrWjaxQXnI=",
        "owner": "nim-nix-pkgs",
        "repo": "polybool",
        "rev": "98732fd625948180e0d7e03e72056cea8a9f75e8",
        "type": "github"
      },
      "original": {
        "dir": "master",
        "owner": "nim-nix-pkgs",
        "ref": "master",
        "repo": "polybool",
        "type": "github"
      }
    },
    "root": {
      "inputs": {
        "flakeNimbleLib": "flakeNimbleLib",
        "nixpkgs": "nixpkgs",
        "polybool-master": "polybool-master"
      }
    },
    "src-polyBool-master": {
      "flake": false,
      "locked": {
        "lastModified": 1493983378,
        "narHash": "sha256-XRCAiyerci9yzKhrwG++d+gpwmcXG2fBk+DPJuomDhQ=",
        "owner": "jangko",
        "repo": "polyBool",
        "rev": "e7281860b002ed1e62b5802ede40c530dfd5bfde",
        "type": "github"
      },
      "original": {
        "owner": "jangko",
        "ref": "refs/heads/master",
        "repo": "polyBool",
        "type": "github"
      }
    }
  },
  "root": "root",
  "version": 7
}
